
Microsoft Visual Studio Solution File, Format Version 12.00
# Visual Studio Version 17
VisualStudioVersion = 17.13.35825.156 d17.13
MinimumVisualStudioVersion = 10.0.40219.1
Project("{FAE04EC0-301F-11D3-BF4B-00C04F79EFBC}") = "task 12", "task 12\task 12.csproj", "{84338774-F082-4275-9A75-B0736ADA80DA}"
EndProject
Global
	GlobalSection(SolutionConfigurationPlatforms) = preSolution
		Debug|Any CPU = Debug|Any CPU
		Release|Any CPU = Release|Any CPU
	EndGlobalSection
	GlobalSection(ProjectConfigurationPlatforms) = postSolution
		{84338774-F082-4275-9A75-B0736ADA80DA}.Debug|Any CPU.ActiveCfg = Debug|Any CPU
		{84338774-F082-4275-9A75-B0736ADA80DA}.Debug|Any CPU.Build.0 = Debug|Any CPU
		{84338774-F082-4275-9A75-B0736ADA80DA}.Release|Any CPU.ActiveCfg = Release|Any CPU
		{84338774-F082-4275-9A75-B0736ADA80DA}.Release|Any CPU.Build.0 = Release|Any CPU
	EndGlobalSection
	GlobalSection(SolutionProperties) = preSolution
		HideSolutionNode = FALSE
	EndGlobalSection
	GlobalSection(ExtensibilityGlobals) = postSolution
		SolutionGuid = {9F944DB2-5DE1-4389-B983-FD1B14060B7E}
	EndGlobalSection
EndGlobal
