
Microsoft Visual Studio Solution File, Format Version 12.00
# Visual Studio Version 17
VisualStudioVersion = 17.13.35825.156 d17.13
MinimumVisualStudioVersion = 10.0.40219.1
Project("{FAE04EC0-301F-11D3-BF4B-00C04F79EFBC}") = "Firsttasks", "Firsttasks\Firsttasks.csproj", "{F33F2CD0-6485-45AF-B5ED-FFD4897077D9}"
EndProject
Global
	GlobalSection(SolutionConfigurationPlatforms) = preSolution
		Debug|Any CPU = Debug|Any CPU
		Release|Any CPU = Release|Any CPU
	EndGlobalSection
	GlobalSection(ProjectConfigurationPlatforms) = postSolution
		{F33F2CD0-6485-45AF-B5ED-FFD4897077D9}.Debug|Any CPU.ActiveCfg = Debug|Any CPU
		{F33F2CD0-6485-45AF-B5ED-FFD4897077D9}.Debug|Any CPU.Build.0 = Debug|Any CPU
		{F33F2CD0-6485-45AF-B5ED-FFD4897077D9}.Release|Any CPU.ActiveCfg = Release|Any CPU
		{F33F2CD0-6485-45AF-B5ED-FFD4897077D9}.Release|Any CPU.Build.0 = Release|Any CPU
	EndGlobalSection
	GlobalSection(SolutionProperties) = preSolution
		HideSolutionNode = FALSE
	EndGlobalSection
	GlobalSection(ExtensibilityGlobals) = postSolution
		SolutionGuid = {33FD6E0D-9C2A-4EC0-A298-9F52EEDA9DB2}
	EndGlobalSection
EndGlobal
