
Microsoft Visual Studio Solution File, Format Version 12.00
# Visual Studio Version 17
VisualStudioVersion = 17.13.35825.156 d17.13
MinimumVisualStudioVersion = 10.0.40219.1
Project("{FAE04EC0-301F-11D3-BF4B-00C04F79EFBC}") = "task 2", "task 2\task 2.csproj", "{8A40D708-4F10-49C1-8DC3-77B65BF4C7EE}"
EndProject
Global
	GlobalSection(SolutionConfigurationPlatforms) = preSolution
		Debug|Any CPU = Debug|Any CPU
		Release|Any CPU = Release|Any CPU
	EndGlobalSection
	GlobalSection(ProjectConfigurationPlatforms) = postSolution
		{8A40D708-4F10-49C1-8DC3-77B65BF4C7EE}.Debug|Any CPU.ActiveCfg = Debug|Any CPU
		{8A40D708-4F10-49C1-8DC3-77B65BF4C7EE}.Debug|Any CPU.Build.0 = Debug|Any CPU
		{8A40D708-4F10-49C1-8DC3-77B65BF4C7EE}.Release|Any CPU.ActiveCfg = Release|Any CPU
		{8A40D708-4F10-49C1-8DC3-77B65BF4C7EE}.Release|Any CPU.Build.0 = Release|Any CPU
	EndGlobalSection
	GlobalSection(SolutionProperties) = preSolution
		HideSolutionNode = FALSE
	EndGlobalSection
	GlobalSection(ExtensibilityGlobals) = postSolution
		SolutionGuid = {DC3B6C6E-3846-4645-9A78-7237D281D2ED}
	EndGlobalSection
EndGlobal
