
Microsoft Visual Studio Solution File, Format Version 12.00
# Visual Studio Version 17
VisualStudioVersion = 17.13.35825.156 d17.13
MinimumVisualStudioVersion = 10.0.40219.1
Project("{FAE04EC0-301F-11D3-BF4B-00C04F79EFBC}") = "task 8", "task 8\task 8.csproj", "{7B61EE5A-D985-4BE7-8A48-F1E7415C9D7D}"
EndProject
Global
	GlobalSection(SolutionConfigurationPlatforms) = preSolution
		Debug|Any CPU = Debug|Any CPU
		Release|Any CPU = Release|Any CPU
	EndGlobalSection
	GlobalSection(ProjectConfigurationPlatforms) = postSolution
		{7B61EE5A-D985-4BE7-8A48-F1E7415C9D7D}.Debug|Any CPU.ActiveCfg = Debug|Any CPU
		{7B61EE5A-D985-4BE7-8A48-F1E7415C9D7D}.Debug|Any CPU.Build.0 = Debug|Any CPU
		{7B61EE5A-D985-4BE7-8A48-F1E7415C9D7D}.Release|Any CPU.ActiveCfg = Release|Any CPU
		{7B61EE5A-D985-4BE7-8A48-F1E7415C9D7D}.Release|Any CPU.Build.0 = Release|Any CPU
	EndGlobalSection
	GlobalSection(SolutionProperties) = preSolution
		HideSolutionNode = FALSE
	EndGlobalSection
	GlobalSection(ExtensibilityGlobals) = postSolution
		SolutionGuid = {8EE0F11E-899F-45A5-AF81-D89C7F6CA559}
	EndGlobalSection
EndGlobal
