
Microsoft Visual Studio Solution File, Format Version 12.00
# Visual Studio Version 17
VisualStudioVersion = 17.13.35825.156 d17.13
MinimumVisualStudioVersion = 10.0.40219.1
Project("{FAE04EC0-301F-11D3-BF4B-00C04F79EFBC}") = "task 11", "task 11\task 11.csproj", "{B54EAD74-1001-4637-A6B9-9BC3758C82F2}"
EndProject
Global
	GlobalSection(SolutionConfigurationPlatforms) = preSolution
		Debug|Any CPU = Debug|Any CPU
		Release|Any CPU = Release|Any CPU
	EndGlobalSection
	GlobalSection(ProjectConfigurationPlatforms) = postSolution
		{B54EAD74-1001-4637-A6B9-9BC3758C82F2}.Debug|Any CPU.ActiveCfg = Debug|Any CPU
		{B54EAD74-1001-4637-A6B9-9BC3758C82F2}.Debug|Any CPU.Build.0 = Debug|Any CPU
		{B54EAD74-1001-4637-A6B9-9BC3758C82F2}.Release|Any CPU.ActiveCfg = Release|Any CPU
		{B54EAD74-1001-4637-A6B9-9BC3758C82F2}.Release|Any CPU.Build.0 = Release|Any CPU
	EndGlobalSection
	GlobalSection(SolutionProperties) = preSolution
		HideSolutionNode = FALSE
	EndGlobalSection
	GlobalSection(ExtensibilityGlobals) = postSolution
		SolutionGuid = {9E9117A1-7800-4BC2-B225-DC57DDF893BD}
	EndGlobalSection
EndGlobal
